
Microsoft Visual Studio Solution File, Format Version 12.00
# Visual Studio 15
VisualStudioVersion = 15.0.26403.7
MinimumVisualStudioVersion = 10.0.40219.1
Project("{FAE04EC0-301F-11D3-BF4B-00C04F79EFBC}") = "xHelix.Foundation.SitecoreExtensions", "src\foundation\SitecoreExtensions\code\xHelix.Foundation.SitecoreExtensions.csproj", "{B535703F-8D07-4F23-A533-2974BB4CC7B1}"
EndProject
Project("{2150E333-8FDC-42A3-9474-1A3956D46DE8}") = "Configuration", "Configuration", "{F347A85D-6FF5-4927-B5CF-54D81954E6A2}"
	ProjectSection(SolutionItems) = preProject
		.gitattributes = .gitattributes
		.gitignore = .gitignore
		scripts\applytransform.targets = scripts\applytransform.targets
		gulp-config.js = gulp-config.js
		gulpfile-ci.js = gulpfile-ci.js
		gulpfile.js = gulpfile.js
		LICENSE = LICENSE
		package.json = package.json
		package.xml = package.xml
		publishsettings.targets = publishsettings.targets
		README.md = README.md
		WebEssentials2015-Settings.json = WebEssentials2015-Settings.json
		src\Project\Habitat\code\App_Config\Include\Project\z.Habitat.DevSettings.config = src\Project\Habitat\code\App_Config\Include\Project\z.Habitat.DevSettings.config
	EndProjectSection
EndProject
Project("{2150E333-8FDC-42A3-9474-1A3956D46DE8}") = "Feature", "Feature", "{755F9E42-1707-4E1A-AE6D-3FD8A25118C0}"
EndProject
Project("{FAE04EC0-301F-11D3-BF4B-00C04F79EFBC}") = "xHelix.Foundation.Assets", "src\foundation\Assets\code\xHelix.Foundation.Assets.csproj", "{7E46FF93-EE05-412C-AC47-2A59A13DA73C}"
EndProject
Project("{2150E333-8FDC-42A3-9474-1A3956D46DE8}") = "Foundation", "Foundation", "{D2CBE02E-6AA7-4343-9A01-891F971A17F5}"
EndProject
Project("{2150E333-8FDC-42A3-9474-1A3956D46DE8}") = "Project", "Project", "{9A8FD752-FF60-4789-8251-E1D8FF290F3F}"
EndProject
Project("{2150E333-8FDC-42A3-9474-1A3956D46DE8}") = "Assets", "Assets", "{4CEA4907-CB04-49A7-869D-FE39C479DF58}"
EndProject
Project("{2150E333-8FDC-42A3-9474-1A3956D46DE8}") = "SitecoreExtensions", "SitecoreExtensions", "{BE813EFD-133F-4BDE-AD25-A67D16A218CA}"
EndProject
Project("{FAE04EC0-301F-11D3-BF4B-00C04F79EFBC}") = "xHelix.Foundation.SitecoreExtensions.Tests", "src\foundation\SitecoreExtensions\tests\xHelix.Foundation.SitecoreExtensions.Tests.csproj", "{85F735B7-9BEE-43C3-94DF-539CE267F0B9}"
EndProject
Project("{2150E333-8FDC-42A3-9474-1A3956D46DE8}") = "Installer", "Installer", "{F82B7F7C-BDA9-4204-97E1-456E406A251A}"
EndProject
Project("{FAE04EC0-301F-11D3-BF4B-00C04F79EFBC}") = "xHelix.Foundation.Installer", "src\foundation\Installer\code\xHelix.Foundation.Installer.csproj", "{622EBD86-43A5-4857-965C-1724F714012A}"
EndProject
Project("{FAE04EC0-301F-11D3-BF4B-00C04F79EFBC}") = "xHelix.Foundation.Installer.Tests", "src\foundation\Installer\tests\xHelix.Foundation.Installer.Tests.csproj", "{EDD5B894-28C3-4FB5-8A85-AFD9C2FD823D}"
EndProject
Project("{2150E333-8FDC-42A3-9474-1A3956D46DE8}") = "Common", "Common", "{5ABB37C0-E86D-4585-81D2-50A0E41ED859}"
EndProject
Project("{FAE04EC0-301F-11D3-BF4B-00C04F79EFBC}") = "Sitecore.Common.Website", "src\Project\Common\code\Sitecore.Common.Website.csproj", "{C98EAD78-4D83-4789-A621-6011C3D7314D}"
EndProject
Project("{2150E333-8FDC-42A3-9474-1A3956D46DE8}") = "Multisite", "Multisite", "{FE63FBCC-D03E-4439-A428-028A6FF8B15A}"
EndProject
Project("{FAE04EC0-301F-11D3-BF4B-00C04F79EFBC}") = "xHelix.Foundation.Multisite", "src\Foundation\Multisite\code\xHelix.Foundation.Multisite.csproj", "{CFA2AE87-7F8D-4CA6-BB72-B16380190DB7}"
EndProject
Project("{FAE04EC0-301F-11D3-BF4B-00C04F79EFBC}") = "xHelix.Foundation.Multisite.Tests", "src\Foundation\Multisite\tests\xHelix.Foundation.Multisite.Tests.csproj", "{57295D42-6C03-455B-8202-12AEAF233677}"
EndProject
Project("{2150E333-8FDC-42A3-9474-1A3956D46DE8}") = "Testing", "Testing", "{1B850A0C-6B4F-4189-89F3-7A16E9592291}"
EndProject
Project("{2150E333-8FDC-42A3-9474-1A3956D46DE8}") = "Dictionary", "Dictionary", "{66E8BB68-FF26-4FEE-A336-3F8284F2F3E2}"
EndProject
Project("{FAE04EC0-301F-11D3-BF4B-00C04F79EFBC}") = "xHelix.Foundation.Dictionary", "src\Foundation\Dictionary\code\xHelix.Foundation.Dictionary.csproj", "{0D6BA4D8-C469-4AE9-9EBB-93BDF7D7E78F}"
EndProject
Project("{FAE04EC0-301F-11D3-BF4B-00C04F79EFBC}") = "xHelix.Foundation.Dictionary.Tests", "src\Foundation\Dictionary\tests\xHelix.Foundation.Dictionary.Tests.csproj", "{C6AED40E-22F8-49EC-AA3E-D9323E207A9D}"
EndProject
Project("{FAE04EC0-301F-11D3-BF4B-00C04F79EFBC}") = "xHelix.Foundation.Testing", "src\Foundation\Testing\tests\xHelix.Foundation.Testing.csproj", "{7CC3D72B-4518-4B78-BE48-630A263C0F5B}"
EndProject
Project("{FAE04EC0-301F-11D3-BF4B-00C04F79EFBC}") = "xHelix.Foundation.DependencyInjection", "src\Foundation\DependencyInjection\code\xHelix.Foundation.DependencyInjection.csproj", "{366148B7-2392-4F42-80D6-786B7A3682AE}"
EndProject
Project("{2150E333-8FDC-42A3-9474-1A3956D46DE8}") = "DependencyInjection", "DependencyInjection", "{86FB273F-3637-45AF-825D-CFEFE1F7A8EA}"
EndProject
Project("{2150E333-8FDC-42A3-9474-1A3956D46DE8}") = "Baseline", "Baseline", "{2F8C4C22-506E-4AE6-B235-4541AAAF3E87}"
EndProject
Project("{FAE04EC0-301F-11D3-BF4B-00C04F79EFBC}") = "xHelix.Foundation.Baseline", "src\Foundation\Baseline\code\xHelix.Foundation.Baseline.csproj", "{47B7D3F2-28BA-4F24-A6A8-EC804932209B}"
EndProject
Global
	GlobalSection(SolutionConfigurationPlatforms) = preSolution
		Debug|Any CPU = Debug|Any CPU
		Debug|x64 = Debug|x64
		Release|Any CPU = Release|Any CPU
		Release|x64 = Release|x64
	EndGlobalSection
	GlobalSection(ProjectConfigurationPlatforms) = postSolution
		{B535703F-8D07-4F23-A533-2974BB4CC7B1}.Debug|Any CPU.ActiveCfg = Debug|Any CPU
		{B535703F-8D07-4F23-A533-2974BB4CC7B1}.Debug|Any CPU.Build.0 = Debug|Any CPU
		{B535703F-8D07-4F23-A533-2974BB4CC7B1}.Debug|x64.ActiveCfg = Debug|Any CPU
		{B535703F-8D07-4F23-A533-2974BB4CC7B1}.Debug|x64.Build.0 = Debug|Any CPU
		{B535703F-8D07-4F23-A533-2974BB4CC7B1}.Release|Any CPU.ActiveCfg = Release|Any CPU
		{B535703F-8D07-4F23-A533-2974BB4CC7B1}.Release|Any CPU.Build.0 = Release|Any CPU
		{B535703F-8D07-4F23-A533-2974BB4CC7B1}.Release|x64.ActiveCfg = Release|Any CPU
		{B535703F-8D07-4F23-A533-2974BB4CC7B1}.Release|x64.Build.0 = Release|Any CPU
		{7E46FF93-EE05-412C-AC47-2A59A13DA73C}.Debug|Any CPU.ActiveCfg = Debug|Any CPU
		{7E46FF93-EE05-412C-AC47-2A59A13DA73C}.Debug|Any CPU.Build.0 = Debug|Any CPU
		{7E46FF93-EE05-412C-AC47-2A59A13DA73C}.Debug|x64.ActiveCfg = Debug|Any CPU
		{7E46FF93-EE05-412C-AC47-2A59A13DA73C}.Debug|x64.Build.0 = Debug|Any CPU
		{7E46FF93-EE05-412C-AC47-2A59A13DA73C}.Release|Any CPU.ActiveCfg = Release|Any CPU
		{7E46FF93-EE05-412C-AC47-2A59A13DA73C}.Release|Any CPU.Build.0 = Release|Any CPU
		{7E46FF93-EE05-412C-AC47-2A59A13DA73C}.Release|x64.ActiveCfg = Release|Any CPU
		{7E46FF93-EE05-412C-AC47-2A59A13DA73C}.Release|x64.Build.0 = Release|Any CPU
		{85F735B7-9BEE-43C3-94DF-539CE267F0B9}.Debug|Any CPU.ActiveCfg = Debug|Any CPU
		{85F735B7-9BEE-43C3-94DF-539CE267F0B9}.Debug|Any CPU.Build.0 = Debug|Any CPU
		{85F735B7-9BEE-43C3-94DF-539CE267F0B9}.Debug|x64.ActiveCfg = Debug|Any CPU
		{85F735B7-9BEE-43C3-94DF-539CE267F0B9}.Debug|x64.Build.0 = Debug|Any CPU
		{85F735B7-9BEE-43C3-94DF-539CE267F0B9}.Release|Any CPU.ActiveCfg = Release|Any CPU
		{85F735B7-9BEE-43C3-94DF-539CE267F0B9}.Release|x64.ActiveCfg = Release|Any CPU
		{85F735B7-9BEE-43C3-94DF-539CE267F0B9}.Release|x64.Build.0 = Release|Any CPU
		{622EBD86-43A5-4857-965C-1724F714012A}.Debug|Any CPU.ActiveCfg = Debug|Any CPU
		{622EBD86-43A5-4857-965C-1724F714012A}.Debug|Any CPU.Build.0 = Debug|Any CPU
		{622EBD86-43A5-4857-965C-1724F714012A}.Debug|x64.ActiveCfg = Debug|Any CPU
		{622EBD86-43A5-4857-965C-1724F714012A}.Debug|x64.Build.0 = Debug|Any CPU
		{622EBD86-43A5-4857-965C-1724F714012A}.Release|Any CPU.ActiveCfg = Release|Any CPU
		{622EBD86-43A5-4857-965C-1724F714012A}.Release|Any CPU.Build.0 = Release|Any CPU
		{622EBD86-43A5-4857-965C-1724F714012A}.Release|x64.ActiveCfg = Release|Any CPU
		{622EBD86-43A5-4857-965C-1724F714012A}.Release|x64.Build.0 = Release|Any CPU
		{EDD5B894-28C3-4FB5-8A85-AFD9C2FD823D}.Debug|Any CPU.ActiveCfg = Debug|Any CPU
		{EDD5B894-28C3-4FB5-8A85-AFD9C2FD823D}.Debug|Any CPU.Build.0 = Debug|Any CPU
		{EDD5B894-28C3-4FB5-8A85-AFD9C2FD823D}.Debug|x64.ActiveCfg = Debug|Any CPU
		{EDD5B894-28C3-4FB5-8A85-AFD9C2FD823D}.Debug|x64.Build.0 = Debug|Any CPU
		{EDD5B894-28C3-4FB5-8A85-AFD9C2FD823D}.Release|Any CPU.ActiveCfg = Release|Any CPU
		{EDD5B894-28C3-4FB5-8A85-AFD9C2FD823D}.Release|x64.ActiveCfg = Release|Any CPU
		{EDD5B894-28C3-4FB5-8A85-AFD9C2FD823D}.Release|x64.Build.0 = Release|Any CPU
		{C98EAD78-4D83-4789-A621-6011C3D7314D}.Debug|Any CPU.ActiveCfg = Debug|Any CPU
		{C98EAD78-4D83-4789-A621-6011C3D7314D}.Debug|Any CPU.Build.0 = Debug|Any CPU
		{C98EAD78-4D83-4789-A621-6011C3D7314D}.Debug|x64.ActiveCfg = Debug|Any CPU
		{C98EAD78-4D83-4789-A621-6011C3D7314D}.Debug|x64.Build.0 = Debug|Any CPU
		{C98EAD78-4D83-4789-A621-6011C3D7314D}.Release|Any CPU.ActiveCfg = Release|Any CPU
		{C98EAD78-4D83-4789-A621-6011C3D7314D}.Release|Any CPU.Build.0 = Release|Any CPU
		{C98EAD78-4D83-4789-A621-6011C3D7314D}.Release|x64.ActiveCfg = Release|Any CPU
		{C98EAD78-4D83-4789-A621-6011C3D7314D}.Release|x64.Build.0 = Release|Any CPU
		{CFA2AE87-7F8D-4CA6-BB72-B16380190DB7}.Debug|Any CPU.ActiveCfg = Debug|Any CPU
		{CFA2AE87-7F8D-4CA6-BB72-B16380190DB7}.Debug|Any CPU.Build.0 = Debug|Any CPU
		{CFA2AE87-7F8D-4CA6-BB72-B16380190DB7}.Debug|x64.ActiveCfg = Debug|Any CPU
		{CFA2AE87-7F8D-4CA6-BB72-B16380190DB7}.Debug|x64.Build.0 = Debug|Any CPU
		{CFA2AE87-7F8D-4CA6-BB72-B16380190DB7}.Release|Any CPU.ActiveCfg = Release|Any CPU
		{CFA2AE87-7F8D-4CA6-BB72-B16380190DB7}.Release|Any CPU.Build.0 = Release|Any CPU
		{CFA2AE87-7F8D-4CA6-BB72-B16380190DB7}.Release|x64.ActiveCfg = Release|Any CPU
		{CFA2AE87-7F8D-4CA6-BB72-B16380190DB7}.Release|x64.Build.0 = Release|Any CPU
		{57295D42-6C03-455B-8202-12AEAF233677}.Debug|Any CPU.ActiveCfg = Debug|Any CPU
		{57295D42-6C03-455B-8202-12AEAF233677}.Debug|Any CPU.Build.0 = Debug|Any CPU
		{57295D42-6C03-455B-8202-12AEAF233677}.Debug|x64.ActiveCfg = Debug|Any CPU
		{57295D42-6C03-455B-8202-12AEAF233677}.Debug|x64.Build.0 = Debug|Any CPU
		{57295D42-6C03-455B-8202-12AEAF233677}.Release|Any CPU.ActiveCfg = Release|Any CPU
		{57295D42-6C03-455B-8202-12AEAF233677}.Release|x64.ActiveCfg = Release|Any CPU
		{57295D42-6C03-455B-8202-12AEAF233677}.Release|x64.Build.0 = Release|Any CPU
		{0D6BA4D8-C469-4AE9-9EBB-93BDF7D7E78F}.Debug|Any CPU.ActiveCfg = Debug|Any CPU
		{0D6BA4D8-C469-4AE9-9EBB-93BDF7D7E78F}.Debug|Any CPU.Build.0 = Debug|Any CPU
		{0D6BA4D8-C469-4AE9-9EBB-93BDF7D7E78F}.Debug|x64.ActiveCfg = Debug|Any CPU
		{0D6BA4D8-C469-4AE9-9EBB-93BDF7D7E78F}.Debug|x64.Build.0 = Debug|Any CPU
		{0D6BA4D8-C469-4AE9-9EBB-93BDF7D7E78F}.Release|Any CPU.ActiveCfg = Release|Any CPU
		{0D6BA4D8-C469-4AE9-9EBB-93BDF7D7E78F}.Release|Any CPU.Build.0 = Release|Any CPU
		{0D6BA4D8-C469-4AE9-9EBB-93BDF7D7E78F}.Release|x64.ActiveCfg = Release|Any CPU
		{0D6BA4D8-C469-4AE9-9EBB-93BDF7D7E78F}.Release|x64.Build.0 = Release|Any CPU
		{C6AED40E-22F8-49EC-AA3E-D9323E207A9D}.Debug|Any CPU.ActiveCfg = Debug|Any CPU
		{C6AED40E-22F8-49EC-AA3E-D9323E207A9D}.Debug|Any CPU.Build.0 = Debug|Any CPU
		{C6AED40E-22F8-49EC-AA3E-D9323E207A9D}.Debug|x64.ActiveCfg = Debug|Any CPU
		{C6AED40E-22F8-49EC-AA3E-D9323E207A9D}.Debug|x64.Build.0 = Debug|Any CPU
		{C6AED40E-22F8-49EC-AA3E-D9323E207A9D}.Release|Any CPU.ActiveCfg = Release|Any CPU
		{C6AED40E-22F8-49EC-AA3E-D9323E207A9D}.Release|x64.ActiveCfg = Release|Any CPU
		{C6AED40E-22F8-49EC-AA3E-D9323E207A9D}.Release|x64.Build.0 = Release|Any CPU
		{7CC3D72B-4518-4B78-BE48-630A263C0F5B}.Debug|Any CPU.ActiveCfg = Debug|Any CPU
		{7CC3D72B-4518-4B78-BE48-630A263C0F5B}.Debug|Any CPU.Build.0 = Debug|Any CPU
		{7CC3D72B-4518-4B78-BE48-630A263C0F5B}.Debug|x64.ActiveCfg = Debug|Any CPU
		{7CC3D72B-4518-4B78-BE48-630A263C0F5B}.Debug|x64.Build.0 = Debug|Any CPU
		{7CC3D72B-4518-4B78-BE48-630A263C0F5B}.Release|Any CPU.ActiveCfg = Release|Any CPU
		{7CC3D72B-4518-4B78-BE48-630A263C0F5B}.Release|x64.ActiveCfg = Release|Any CPU
		{7CC3D72B-4518-4B78-BE48-630A263C0F5B}.Release|x64.Build.0 = Release|Any CPU
		{366148B7-2392-4F42-80D6-786B7A3682AE}.Debug|Any CPU.ActiveCfg = Debug|Any CPU
		{366148B7-2392-4F42-80D6-786B7A3682AE}.Debug|Any CPU.Build.0 = Debug|Any CPU
		{366148B7-2392-4F42-80D6-786B7A3682AE}.Debug|x64.ActiveCfg = Debug|Any CPU
		{366148B7-2392-4F42-80D6-786B7A3682AE}.Debug|x64.Build.0 = Debug|Any CPU
		{366148B7-2392-4F42-80D6-786B7A3682AE}.Release|Any CPU.ActiveCfg = Release|Any CPU
		{366148B7-2392-4F42-80D6-786B7A3682AE}.Release|Any CPU.Build.0 = Release|Any CPU
		{366148B7-2392-4F42-80D6-786B7A3682AE}.Release|x64.ActiveCfg = Release|Any CPU
		{366148B7-2392-4F42-80D6-786B7A3682AE}.Release|x64.Build.0 = Release|Any CPU
		{47B7D3F2-28BA-4F24-A6A8-EC804932209B}.Debug|Any CPU.ActiveCfg = Debug|Any CPU
		{47B7D3F2-28BA-4F24-A6A8-EC804932209B}.Debug|Any CPU.Build.0 = Debug|Any CPU
		{47B7D3F2-28BA-4F24-A6A8-EC804932209B}.Debug|x64.ActiveCfg = Debug|Any CPU
		{47B7D3F2-28BA-4F24-A6A8-EC804932209B}.Debug|x64.Build.0 = Debug|Any CPU
		{47B7D3F2-28BA-4F24-A6A8-EC804932209B}.Release|Any CPU.ActiveCfg = Release|Any CPU
		{47B7D3F2-28BA-4F24-A6A8-EC804932209B}.Release|Any CPU.Build.0 = Release|Any CPU
		{47B7D3F2-28BA-4F24-A6A8-EC804932209B}.Release|x64.ActiveCfg = Release|Any CPU
		{47B7D3F2-28BA-4F24-A6A8-EC804932209B}.Release|x64.Build.0 = Release|Any CPU
	EndGlobalSection
	GlobalSection(SolutionProperties) = preSolution
		HideSolutionNode = FALSE
	EndGlobalSection
	GlobalSection(NestedProjects) = preSolution
		{B535703F-8D07-4F23-A533-2974BB4CC7B1} = {BE813EFD-133F-4BDE-AD25-A67D16A218CA}
		{7E46FF93-EE05-412C-AC47-2A59A13DA73C} = {4CEA4907-CB04-49A7-869D-FE39C479DF58}
		{4CEA4907-CB04-49A7-869D-FE39C479DF58} = {D2CBE02E-6AA7-4343-9A01-891F971A17F5}
		{BE813EFD-133F-4BDE-AD25-A67D16A218CA} = {D2CBE02E-6AA7-4343-9A01-891F971A17F5}
		{85F735B7-9BEE-43C3-94DF-539CE267F0B9} = {BE813EFD-133F-4BDE-AD25-A67D16A218CA}
		{F82B7F7C-BDA9-4204-97E1-456E406A251A} = {D2CBE02E-6AA7-4343-9A01-891F971A17F5}
		{622EBD86-43A5-4857-965C-1724F714012A} = {F82B7F7C-BDA9-4204-97E1-456E406A251A}
		{EDD5B894-28C3-4FB5-8A85-AFD9C2FD823D} = {F82B7F7C-BDA9-4204-97E1-456E406A251A}
		{5ABB37C0-E86D-4585-81D2-50A0E41ED859} = {9A8FD752-FF60-4789-8251-E1D8FF290F3F}
		{C98EAD78-4D83-4789-A621-6011C3D7314D} = {5ABB37C0-E86D-4585-81D2-50A0E41ED859}
		{FE63FBCC-D03E-4439-A428-028A6FF8B15A} = {D2CBE02E-6AA7-4343-9A01-891F971A17F5}
		{CFA2AE87-7F8D-4CA6-BB72-B16380190DB7} = {FE63FBCC-D03E-4439-A428-028A6FF8B15A}
		{57295D42-6C03-455B-8202-12AEAF233677} = {FE63FBCC-D03E-4439-A428-028A6FF8B15A}
		{1B850A0C-6B4F-4189-89F3-7A16E9592291} = {D2CBE02E-6AA7-4343-9A01-891F971A17F5}
		{66E8BB68-FF26-4FEE-A336-3F8284F2F3E2} = {D2CBE02E-6AA7-4343-9A01-891F971A17F5}
		{0D6BA4D8-C469-4AE9-9EBB-93BDF7D7E78F} = {66E8BB68-FF26-4FEE-A336-3F8284F2F3E2}
		{C6AED40E-22F8-49EC-AA3E-D9323E207A9D} = {66E8BB68-FF26-4FEE-A336-3F8284F2F3E2}
		{7CC3D72B-4518-4B78-BE48-630A263C0F5B} = {1B850A0C-6B4F-4189-89F3-7A16E9592291}
		{366148B7-2392-4F42-80D6-786B7A3682AE} = {86FB273F-3637-45AF-825D-CFEFE1F7A8EA}
		{86FB273F-3637-45AF-825D-CFEFE1F7A8EA} = {D2CBE02E-6AA7-4343-9A01-891F971A17F5}
		{2F8C4C22-506E-4AE6-B235-4541AAAF3E87} = {D2CBE02E-6AA7-4343-9A01-891F971A17F5}
		{47B7D3F2-28BA-4F24-A6A8-EC804932209B} = {2F8C4C22-506E-4AE6-B235-4541AAAF3E87}
	EndGlobalSection
EndGlobal
